{
  "name": "beeorder",
  "version": "1.0.0",
  "lockfileVersion": 1,
  "requires": true,
  "dependencies": {
    "@vant/weapp": {
      "version": "1.11.5",
      "resolved": "https://registry.npmjs.org/@vant/weapp/-/weapp-1.11.5.tgz",
      "integrity": "sha512-F/yebMtysTaDrqpCyk6AdQrY3lDB7y5TXNwHtBarxtL2NZzoH+D6pBwz9nY+d0vCin0w0IH9kDF57yb/BP3mNA=="
    },
    "apifm-wxapi": {
      "version": "3.68.1",
      "resolved": "https://registry.npmjs.org/apifm-wxapi/-/apifm-wxapi-3.68.1.tgz",
      "integrity": "sha512-+qKNIHXcqtjBC8YSAhpVjwv7K/L47Ks7DcaggjOEYY6Dc0YzG2cyl/TxZCvGl2UEj+Fczl92TjoyNBx5PILTNQ=="
    },
    "wxbarcode": {
      "version": "1.0.2",
      "resolved": "https://registry.npmjs.org/wxbarcode/-/wxbarcode-1.0.2.tgz",
      "integrity": "sha1-zgLjSP8AYwHZIBd21sn1rZATFLU="
    }
  }
}
