{
  "name": "beeorder",
  "version": "1.0.0",
  "lockfileVersion": 1,
  "requires": true,
  "dependencies": {
    "@vant/weapp": {
      "version": "1.11.4",
      "resolved": "https://registry.npmjs.org/@vant/weapp/-/weapp-1.11.4.tgz",
      "integrity": "sha512-egOsWO4hVMP1SQSqQ46jy8UD3WysvlnUecRzPM21Y3ovkOFZ6wlaO7oHQmTXRpwr+V41Qri1qEbtNjhVxFqdyw=="
    },
    "apifm-wxapi": {
      "version": "3.68.1",
      "resolved": "https://registry.npmjs.org/apifm-wxapi/-/apifm-wxapi-3.68.1.tgz",
      "integrity": "sha512-+qKNIHXcqtjBC8YSAhpVjwv7K/L47Ks7DcaggjOEYY6Dc0YzG2cyl/TxZCvGl2UEj+Fczl92TjoyNBx5PILTNQ=="
    },
    "wxbarcode": {
      "version": "1.0.2",
      "resolved": "https://registry.npmjs.org/wxbarcode/-/wxbarcode-1.0.2.tgz",
      "integrity": "sha1-zgLjSP8AYwHZIBd21sn1rZATFLU="
    }
  }
}
